
Microsoft Visual Studio Solution File, Format Version 12.00
# Visual Studio Version 17
VisualStudioVersion = 17.0.32126.317
MinimumVisualStudioVersion = 10.0.40219.1
Project("{9A19103F-16F7-4668-BE54-9A1E7A4F7556}") = "AndreAirLineMongoDbPerson", "AndreAirLineMongoDb\AndreAirLineMongoDbPerson.csproj", "{2E128A5D-CB7F-4124-ABC9-545C337E559D}"
EndProject
Project("{9A19103F-16F7-4668-BE54-9A1E7A4F7556}") = "AndreAirLineMongoDbAirPort", "AndreAirLineMongoDbAirModel\AndreAirLineMongoDbAirPort.csproj", "{625FE030-0B34-447E-B586-AD04EAEB5AD7}"
EndProject
Project("{9A19103F-16F7-4668-BE54-9A1E7A4F7556}") = "AndreAirLineMongoDbAirPlane", "AndreAirLineMongoDbAirPlane\AndreAirLineMongoDbAirPlane.csproj", "{AE8BA017-16F8-45B4-BDC2-8543BC56565B}"
EndProject
Project("{9A19103F-16F7-4668-BE54-9A1E7A4F7556}") = "AndreAirLineMongoDbBasePrice", "AndreAirLineMongoDbBasePrice\AndreAirLineMongoDbBasePrice.csproj", "{82066CB5-C17B-4F7F-BFC1-29788EE9ED69}"
EndProject
Project("{9A19103F-16F7-4668-BE54-9A1E7A4F7556}") = "AndreAirLineMongoDbTicket", "AndreAirLineMongoDbTicket\AndreAirLineMongoDbTicket.csproj", "{1EC49EE7-9FF1-4E62-8E4B-9714A9C53031}"
EndProject
Project("{9A19103F-16F7-4668-BE54-9A1E7A4F7556}") = "AndreAirLineMongoDbFly", "Flight\AndreAirLineMongoDbFly.csproj", "{1CC00DE3-F4C0-4EA2-AAA1-69838F4F7BA1}"
EndProject
Project("{9A19103F-16F7-4668-BE54-9A1E7A4F7556}") = "AndreAirLineMongoDbClass", "AndreAirLineMongoDbClass\AndreAirLineMongoDbClass.csproj", "{FDCC7617-67A1-442B-983A-5B6EB8BD6999}"
EndProject
Project("{9A19103F-16F7-4668-BE54-9A1E7A4F7556}") = "AndreAirLineEntityFrameworkAirport", "AndreAirLineEntityFrameworkAirport\AndreAirLineEntityFrameworkAirport.csproj", "{B1F57E41-F763-4FAB-AF45-5D875ECF6C54}"
EndProject
Project("{9A19103F-16F7-4668-BE54-9A1E7A4F7556}") = "ModelShare", "Model2\ModelShare.csproj", "{7F9F8E75-F333-4F83-A5F9-F15F1D30D726}"
EndProject
Project("{9A19103F-16F7-4668-BE54-9A1E7A4F7556}") = "Models2", "Models2\Models2.csproj", "{4BEDD530-192A-475A-9216-99E4E3DAB775}"
EndProject
Project("{9A19103F-16F7-4668-BE54-9A1E7A4F7556}") = "ViewAirport", "ViewAirport\ViewAirport.csproj", "{B6332596-1391-42F2-BBAD-7116E77EED94}"
EndProject
Project("{9A19103F-16F7-4668-BE54-9A1E7A4F7556}") = "AndreAirLines.EF", "AndreAirLines.EF\AndreAirLines.EF.csproj", "{0F1150D6-CAC9-427B-BE5F-28FB5EA8E74D}"
EndProject
Project("{9A19103F-16F7-4668-BE54-9A1E7A4F7556}") = "AndreAirLines.Users", "AndreAirLines.Users\AndreAirLines.Users.csproj", "{BDC1CF83-3D99-47E3-80B1-5BB7C67AF12C}"
EndProject
Project("{9A19103F-16F7-4668-BE54-9A1E7A4F7556}") = "AirplaneTest", "AirplaneTest\AirplaneTest.csproj", "{EF742103-B5DB-419C-A5E0-9BE634F0FF0B}"
EndProject
Project("{9A19103F-16F7-4668-BE54-9A1E7A4F7556}") = "AndreAirLinesLog", "AndreAirLines.Log\AndreAirLinesLog.csproj", "{E0C5873D-FBF9-45B3-A6D5-6BB99D797817}"
EndProject
Project("{FAE04EC0-301F-11D3-BF4B-00C04F79EFBC}") = "ProjeRabbitMQ", "ProjeRabbitMQ\ProjeRabbitMQ.csproj", "{9C95614A-1EB1-48E9-9C68-FC17F6CA042F}"
EndProject
Global
	GlobalSection(SolutionConfigurationPlatforms) = preSolution
		Debug|Any CPU = Debug|Any CPU
		Release|Any CPU = Release|Any CPU
	EndGlobalSection
	GlobalSection(ProjectConfigurationPlatforms) = postSolution
		{2E128A5D-CB7F-4124-ABC9-545C337E559D}.Debug|Any CPU.ActiveCfg = Debug|Any CPU
		{2E128A5D-CB7F-4124-ABC9-545C337E559D}.Debug|Any CPU.Build.0 = Debug|Any CPU
		{2E128A5D-CB7F-4124-ABC9-545C337E559D}.Release|Any CPU.ActiveCfg = Release|Any CPU
		{2E128A5D-CB7F-4124-ABC9-545C337E559D}.Release|Any CPU.Build.0 = Release|Any CPU
		{625FE030-0B34-447E-B586-AD04EAEB5AD7}.Debug|Any CPU.ActiveCfg = Debug|Any CPU
		{625FE030-0B34-447E-B586-AD04EAEB5AD7}.Debug|Any CPU.Build.0 = Debug|Any CPU
		{625FE030-0B34-447E-B586-AD04EAEB5AD7}.Release|Any CPU.ActiveCfg = Release|Any CPU
		{625FE030-0B34-447E-B586-AD04EAEB5AD7}.Release|Any CPU.Build.0 = Release|Any CPU
		{AE8BA017-16F8-45B4-BDC2-8543BC56565B}.Debug|Any CPU.ActiveCfg = Debug|Any CPU
		{AE8BA017-16F8-45B4-BDC2-8543BC56565B}.Debug|Any CPU.Build.0 = Debug|Any CPU
		{AE8BA017-16F8-45B4-BDC2-8543BC56565B}.Release|Any CPU.ActiveCfg = Release|Any CPU
		{AE8BA017-16F8-45B4-BDC2-8543BC56565B}.Release|Any CPU.Build.0 = Release|Any CPU
		{82066CB5-C17B-4F7F-BFC1-29788EE9ED69}.Debug|Any CPU.ActiveCfg = Debug|Any CPU
		{82066CB5-C17B-4F7F-BFC1-29788EE9ED69}.Debug|Any CPU.Build.0 = Debug|Any CPU
		{82066CB5-C17B-4F7F-BFC1-29788EE9ED69}.Release|Any CPU.ActiveCfg = Release|Any CPU
		{82066CB5-C17B-4F7F-BFC1-29788EE9ED69}.Release|Any CPU.Build.0 = Release|Any CPU
		{1EC49EE7-9FF1-4E62-8E4B-9714A9C53031}.Debug|Any CPU.ActiveCfg = Debug|Any CPU
		{1EC49EE7-9FF1-4E62-8E4B-9714A9C53031}.Debug|Any CPU.Build.0 = Debug|Any CPU
		{1EC49EE7-9FF1-4E62-8E4B-9714A9C53031}.Release|Any CPU.ActiveCfg = Release|Any CPU
		{1EC49EE7-9FF1-4E62-8E4B-9714A9C53031}.Release|Any CPU.Build.0 = Release|Any CPU
		{1CC00DE3-F4C0-4EA2-AAA1-69838F4F7BA1}.Debug|Any CPU.ActiveCfg = Debug|Any CPU
		{1CC00DE3-F4C0-4EA2-AAA1-69838F4F7BA1}.Debug|Any CPU.Build.0 = Debug|Any CPU
		{1CC00DE3-F4C0-4EA2-AAA1-69838F4F7BA1}.Release|Any CPU.ActiveCfg = Release|Any CPU
		{1CC00DE3-F4C0-4EA2-AAA1-69838F4F7BA1}.Release|Any CPU.Build.0 = Release|Any CPU
		{FDCC7617-67A1-442B-983A-5B6EB8BD6999}.Debug|Any CPU.ActiveCfg = Debug|Any CPU
		{FDCC7617-67A1-442B-983A-5B6EB8BD6999}.Debug|Any CPU.Build.0 = Debug|Any CPU
		{FDCC7617-67A1-442B-983A-5B6EB8BD6999}.Release|Any CPU.ActiveCfg = Release|Any CPU
		{FDCC7617-67A1-442B-983A-5B6EB8BD6999}.Release|Any CPU.Build.0 = Release|Any CPU
		{B1F57E41-F763-4FAB-AF45-5D875ECF6C54}.Debug|Any CPU.ActiveCfg = Debug|Any CPU
		{B1F57E41-F763-4FAB-AF45-5D875ECF6C54}.Debug|Any CPU.Build.0 = Debug|Any CPU
		{B1F57E41-F763-4FAB-AF45-5D875ECF6C54}.Release|Any CPU.ActiveCfg = Release|Any CPU
		{B1F57E41-F763-4FAB-AF45-5D875ECF6C54}.Release|Any CPU.Build.0 = Release|Any CPU
		{7F9F8E75-F333-4F83-A5F9-F15F1D30D726}.Debug|Any CPU.ActiveCfg = Debug|Any CPU
		{7F9F8E75-F333-4F83-A5F9-F15F1D30D726}.Debug|Any CPU.Build.0 = Debug|Any CPU
		{7F9F8E75-F333-4F83-A5F9-F15F1D30D726}.Release|Any CPU.ActiveCfg = Release|Any CPU
		{7F9F8E75-F333-4F83-A5F9-F15F1D30D726}.Release|Any CPU.Build.0 = Release|Any CPU
		{4BEDD530-192A-475A-9216-99E4E3DAB775}.Debug|Any CPU.ActiveCfg = Debug|Any CPU
		{4BEDD530-192A-475A-9216-99E4E3DAB775}.Debug|Any CPU.Build.0 = Debug|Any CPU
		{4BEDD530-192A-475A-9216-99E4E3DAB775}.Release|Any CPU.ActiveCfg = Release|Any CPU
		{4BEDD530-192A-475A-9216-99E4E3DAB775}.Release|Any CPU.Build.0 = Release|Any CPU
		{B6332596-1391-42F2-BBAD-7116E77EED94}.Debug|Any CPU.ActiveCfg = Debug|Any CPU
		{B6332596-1391-42F2-BBAD-7116E77EED94}.Debug|Any CPU.Build.0 = Debug|Any CPU
		{B6332596-1391-42F2-BBAD-7116E77EED94}.Release|Any CPU.ActiveCfg = Release|Any CPU
		{B6332596-1391-42F2-BBAD-7116E77EED94}.Release|Any CPU.Build.0 = Release|Any CPU
		{0F1150D6-CAC9-427B-BE5F-28FB5EA8E74D}.Debug|Any CPU.ActiveCfg = Debug|Any CPU
		{0F1150D6-CAC9-427B-BE5F-28FB5EA8E74D}.Debug|Any CPU.Build.0 = Debug|Any CPU
		{0F1150D6-CAC9-427B-BE5F-28FB5EA8E74D}.Release|Any CPU.ActiveCfg = Release|Any CPU
		{0F1150D6-CAC9-427B-BE5F-28FB5EA8E74D}.Release|Any CPU.Build.0 = Release|Any CPU
		{BDC1CF83-3D99-47E3-80B1-5BB7C67AF12C}.Debug|Any CPU.ActiveCfg = Debug|Any CPU
		{BDC1CF83-3D99-47E3-80B1-5BB7C67AF12C}.Debug|Any CPU.Build.0 = Debug|Any CPU
		{BDC1CF83-3D99-47E3-80B1-5BB7C67AF12C}.Release|Any CPU.ActiveCfg = Release|Any CPU
		{BDC1CF83-3D99-47E3-80B1-5BB7C67AF12C}.Release|Any CPU.Build.0 = Release|Any CPU
		{EF742103-B5DB-419C-A5E0-9BE634F0FF0B}.Debug|Any CPU.ActiveCfg = Debug|Any CPU
		{EF742103-B5DB-419C-A5E0-9BE634F0FF0B}.Debug|Any CPU.Build.0 = Debug|Any CPU
		{EF742103-B5DB-419C-A5E0-9BE634F0FF0B}.Release|Any CPU.ActiveCfg = Release|Any CPU
		{EF742103-B5DB-419C-A5E0-9BE634F0FF0B}.Release|Any CPU.Build.0 = Release|Any CPU
		{E0C5873D-FBF9-45B3-A6D5-6BB99D797817}.Debug|Any CPU.ActiveCfg = Debug|Any CPU
		{E0C5873D-FBF9-45B3-A6D5-6BB99D797817}.Debug|Any CPU.Build.0 = Debug|Any CPU
		{E0C5873D-FBF9-45B3-A6D5-6BB99D797817}.Release|Any CPU.ActiveCfg = Release|Any CPU
		{E0C5873D-FBF9-45B3-A6D5-6BB99D797817}.Release|Any CPU.Build.0 = Release|Any CPU
		{9C95614A-1EB1-48E9-9C68-FC17F6CA042F}.Debug|Any CPU.ActiveCfg = Debug|Any CPU
		{9C95614A-1EB1-48E9-9C68-FC17F6CA042F}.Debug|Any CPU.Build.0 = Debug|Any CPU
		{9C95614A-1EB1-48E9-9C68-FC17F6CA042F}.Release|Any CPU.ActiveCfg = Release|Any CPU
		{9C95614A-1EB1-48E9-9C68-FC17F6CA042F}.Release|Any CPU.Build.0 = Release|Any CPU
	EndGlobalSection
	GlobalSection(SolutionProperties) = preSolution
		HideSolutionNode = FALSE
	EndGlobalSection
	GlobalSection(ExtensibilityGlobals) = postSolution
		SolutionGuid = {C25C0896-8399-4109-82BD-A7046986CCB6}
	EndGlobalSection
EndGlobal
